
Microsoft Visual Studio Solution File, Format Version 12.00
# Visual Studio 15
VisualStudioVersion = 15.0.26430.16
MinimumVisualStudioVersion = 10.0.40219.1
Project("{FAE04EC0-301F-11D3-BF4B-00C04F79EFBC}") = "staging-webapp-semicolon", "staging-webapp-semicolon.csproj", "{CB5F6B13-5D81-47FE-83D9-E9E9FD93B3E9}"
EndProject
Global
	GlobalSection(SolutionConfigurationPlatforms) = preSolution
		Debug|Any CPU = Debug|Any CPU
		Host|Any CPU = Host|Any CPU
		Release|Any CPU = Release|Any CPU
	EndGlobalSection
	GlobalSection(ProjectConfigurationPlatforms) = postSolution
		{CB5F6B13-5D81-47FE-83D9-E9E9FD93B3E9}.Debug|Any CPU.ActiveCfg = Debug|Any CPU
		{CB5F6B13-5D81-47FE-83D9-E9E9FD93B3E9}.Debug|Any CPU.Build.0 = Debug|Any CPU
		{CB5F6B13-5D81-47FE-83D9-E9E9FD93B3E9}.Host|Any CPU.ActiveCfg = Release|Any CPU
		{CB5F6B13-5D81-47FE-83D9-E9E9FD93B3E9}.Host|Any CPU.Build.0 = Release|Any CPU
		{CB5F6B13-5D81-47FE-83D9-E9E9FD93B3E9}.Release|Any CPU.ActiveCfg = Release|Any CPU
		{CB5F6B13-5D81-47FE-83D9-E9E9FD93B3E9}.Release|Any CPU.Build.0 = Release|Any CPU
		{CB5F6B13-5D81-47FE-83D9-E9E9FD93B3E9}.Release|Any CPU.Deploy.0 = Release|Any CPU
	EndGlobalSection
	GlobalSection(SolutionProperties) = preSolution
		HideSolutionNode = FALSE
	EndGlobalSection
EndGlobal
